
Microsoft Visual Studio Solution File, Format Version 12.00
# Visual Studio Version 17
VisualStudioVersion = 17.13.35806.99 d17.13
MinimumVisualStudioVersion = 10.0.40219.1
Project("{FAE04EC0-301F-11D3-BF4B-00C04F79EFBC}") = "SurveyBasket.Api", "SurveyBasket.Api.csproj", "{FC791C6E-3605-4838-8162-BA4567F799B1}"
EndProject
Global
	GlobalSection(SolutionConfigurationPlatforms) = preSolution
		Debug|Any CPU = Debug|Any CPU
		Release|Any CPU = Release|Any CPU
	EndGlobalSection
	GlobalSection(ProjectConfigurationPlatforms) = postSolution
		{FC791C6E-3605-4838-8162-BA4567F799B1}.Debug|Any CPU.ActiveCfg = Debug|Any CPU
		{FC791C6E-3605-4838-8162-BA4567F799B1}.Debug|Any CPU.Build.0 = Debug|Any CPU
		{FC791C6E-3605-4838-8162-BA4567F799B1}.Release|Any CPU.ActiveCfg = Release|Any CPU
		{FC791C6E-3605-4838-8162-BA4567F799B1}.Release|Any CPU.Build.0 = Release|Any CPU
	EndGlobalSection
	GlobalSection(SolutionProperties) = preSolution
		HideSolutionNode = FALSE
	EndGlobalSection
	GlobalSection(ExtensibilityGlobals) = postSolution
		SolutionGuid = {6AE359FC-A25A-4B8C-83FD-00568904867B}
	EndGlobalSection
EndGlobal
